
Microsoft Visual Studio Solution File, Format Version 12.00
# Visual Studio Version 17
VisualStudioVersion = 17.14.36705.20
MinimumVisualStudioVersion = 10.0.40219.1
Project("{2150E333-8FDC-42A3-9474-1A3956D46DE8}") = "BuildingBlocks", "BuildingBlocks", "{0EB77EC9-CBB9-4304-826B-780C7BBB610C}"
EndProject
Project("{2150E333-8FDC-42A3-9474-1A3956D46DE8}") = "Services", "Services", "{B6FE0D53-9B6F-4493-84F8-199772233488}"
EndProject
Project("{2150E333-8FDC-42A3-9474-1A3956D46DE8}") = "Gateways", "Gateways", "{C302C305-3723-4B50-A56A-EE7BB4119DC2}"
EndProject
Project("{2150E333-8FDC-42A3-9474-1A3956D46DE8}") = "Identity", "Identity", "{5CE7A397-CC8B-4DF7-9956-C080D483725C}"
EndProject
Project("{2150E333-8FDC-42A3-9474-1A3956D46DE8}") = "Ordering", "Ordering", "{4C5BE7E2-CD45-49DB-A3BC-7DBEBC8333B7}"
EndProject
Project("{2150E333-8FDC-42A3-9474-1A3956D46DE8}") = "Catalog", "Catalog", "{C17D7892-B61F-44DF-BFEC-AD2EF55D8188}"
EndProject
Project("{2150E333-8FDC-42A3-9474-1A3956D46DE8}") = "Basket", "Basket", "{49D4C85C-FBF5-4454-8338-4802645875C3}"
EndProject
Project("{FAE04EC0-301F-11D3-BF4B-00C04F79EFBC}") = "Catalog.API", "Services\Catalog\Catalog.API\Catalog.API.csproj", "{614F5A96-DC91-42F6-8E45-6242EB40534F}"
EndProject
Project("{FAE04EC0-301F-11D3-BF4B-00C04F79EFBC}") = "Catalog.Application", "Services\Catalog\Catalog.Application\Catalog.Application.csproj", "{957A2FFA-6445-43EF-B057-3A76B65C96C2}"
EndProject
Project("{FAE04EC0-301F-11D3-BF4B-00C04F79EFBC}") = "Catalog.Domain", "Services\Catalog\Catalog.Domain\Catalog.Domain.csproj", "{DB7B4295-4921-414D-9896-63542F4F1E92}"
EndProject
Project("{FAE04EC0-301F-11D3-BF4B-00C04F79EFBC}") = "Catalog.Infrastructure", "Services\Catalog\Catalog.Infrastructure\Catalog.Infrastructure.csproj", "{90083A44-4B39-4A4F-BF93-FE5CEEAC9D0D}"
EndProject
Project("{FAE04EC0-301F-11D3-BF4B-00C04F79EFBC}") = "Basket.Application", "Services\Basket\Basket.Application\Basket.Application.csproj", "{C40DD7FA-F0E5-4736-A1B7-A27803ACC5EF}"
EndProject
Project("{FAE04EC0-301F-11D3-BF4B-00C04F79EFBC}") = "Basket.Domain", "Services\Basket\Basket.Domain\Basket.Domain.csproj", "{0683B777-DE32-4435-9F16-42FABBEFBD2D}"
EndProject
Project("{FAE04EC0-301F-11D3-BF4B-00C04F79EFBC}") = "Basket.Infrastructure", "Services\Basket\Basket.Infrastructure\Basket.Infrastructure.csproj", "{5CDE2348-6BC8-493E-AE10-6890FD322989}"
EndProject
Project("{FAE04EC0-301F-11D3-BF4B-00C04F79EFBC}") = "Basket.API", "Services\Basket\Basket.API\Basket.API.csproj", "{1B779BE5-FB85-4AE8-B1E6-44D684964D59}"
EndProject
Project("{FAE04EC0-301F-11D3-BF4B-00C04F79EFBC}") = "Identity.API", "Services\Identity\Identity.API\Identity.API.csproj", "{027CF77E-9E59-4A4A-A867-CFB03DA976F7}"
EndProject
Project("{FAE04EC0-301F-11D3-BF4B-00C04F79EFBC}") = "Identity.Application", "Services\Identity\Identity.Application\Identity.Application.csproj", "{0240B94B-16EC-4415-B6FA-179A8C75B2A3}"
EndProject
Project("{FAE04EC0-301F-11D3-BF4B-00C04F79EFBC}") = "Identity.Domain", "Services\Identity\Identity.Domain\Identity.Domain.csproj", "{CC9243B8-2A65-43FB-B9D4-E8E16AC8B1AC}"
EndProject
Project("{FAE04EC0-301F-11D3-BF4B-00C04F79EFBC}") = "Identity.Infrastructure", "Services\Identity\Identity.Infrastructure\Identity.Infrastructure.csproj", "{66C0637A-E0A7-46C2-A155-9186E7ECE2B7}"
EndProject
Project("{FAE04EC0-301F-11D3-BF4B-00C04F79EFBC}") = "Ordering.API", "Services\Ordering\Ordering.API\Ordering.API.csproj", "{05C9FF47-41E0-4EDB-8A1C-B349D0770652}"
EndProject
Project("{FAE04EC0-301F-11D3-BF4B-00C04F79EFBC}") = "Ordering.Application", "Services\Ordering\Ordering.Application\Ordering.Application.csproj", "{828C38F1-849B-41F4-AA8A-11B97EA67AAC}"
EndProject
Project("{FAE04EC0-301F-11D3-BF4B-00C04F79EFBC}") = "Ordering.Domain", "Services\Ordering\Ordering.Domain\Ordering.Domain.csproj", "{8CC14328-142A-4CED-8E1F-F89E207CA87D}"
EndProject
Project("{FAE04EC0-301F-11D3-BF4B-00C04F79EFBC}") = "Ordering.Infrastructure", "Services\Ordering\Ordering.Infrastructure\Ordering.Infrastructure.csproj", "{2B2E3036-FAEA-4E5E-8136-08A2FA62A034}"
EndProject
Project("{FAE04EC0-301F-11D3-BF4B-00C04F79EFBC}") = "OcelotGateway", "Gateways\OcelotGateway\OcelotGateway.csproj", "{6119614B-E828-4F4C-A9B8-D9D1E4BD5F98}"
EndProject
Project("{FAE04EC0-301F-11D3-BF4B-00C04F79EFBC}") = "BuildingBlocks.Core", "BuildingBlocks\BuildingBlocks.Core\BuildingBlocks.Core.csproj", "{75A6B210-0018-4985-90D6-3E9CF4C314E0}"
EndProject
Project("{FAE04EC0-301F-11D3-BF4B-00C04F79EFBC}") = "BuildingBlocks.Application", "BuildingBlocks\BuildingBlocks.Application\BuildingBlocks.Application.csproj", "{C62A1896-F997-A4D3-523C-95B1FE11EE99}"
EndProject
Project("{FAE04EC0-301F-11D3-BF4B-00C04F79EFBC}") = "BuildingBlocks.Infrastructure", "BuildingBlocks\BuildingBlocks.Infrastructure\BuildingBlocks.Infrastructure.csproj", "{314B9377-6F3C-E48B-4CDC-96DB95EF4AD3}"
EndProject
Global
	GlobalSection(SolutionConfigurationPlatforms) = preSolution
		Debug|Any CPU = Debug|Any CPU
		Release|Any CPU = Release|Any CPU
	EndGlobalSection
	GlobalSection(ProjectConfigurationPlatforms) = postSolution
		{614F5A96-DC91-42F6-8E45-6242EB40534F}.Debug|Any CPU.ActiveCfg = Debug|Any CPU
		{614F5A96-DC91-42F6-8E45-6242EB40534F}.Debug|Any CPU.Build.0 = Debug|Any CPU
		{614F5A96-DC91-42F6-8E45-6242EB40534F}.Release|Any CPU.ActiveCfg = Release|Any CPU
		{614F5A96-DC91-42F6-8E45-6242EB40534F}.Release|Any CPU.Build.0 = Release|Any CPU
		{957A2FFA-6445-43EF-B057-3A76B65C96C2}.Debug|Any CPU.ActiveCfg = Debug|Any CPU
		{957A2FFA-6445-43EF-B057-3A76B65C96C2}.Debug|Any CPU.Build.0 = Debug|Any CPU
		{957A2FFA-6445-43EF-B057-3A76B65C96C2}.Release|Any CPU.ActiveCfg = Release|Any CPU
		{957A2FFA-6445-43EF-B057-3A76B65C96C2}.Release|Any CPU.Build.0 = Release|Any CPU
		{DB7B4295-4921-414D-9896-63542F4F1E92}.Debug|Any CPU.ActiveCfg = Debug|Any CPU
		{DB7B4295-4921-414D-9896-63542F4F1E92}.Debug|Any CPU.Build.0 = Debug|Any CPU
		{DB7B4295-4921-414D-9896-63542F4F1E92}.Release|Any CPU.ActiveCfg = Release|Any CPU
		{DB7B4295-4921-414D-9896-63542F4F1E92}.Release|Any CPU.Build.0 = Release|Any CPU
		{90083A44-4B39-4A4F-BF93-FE5CEEAC9D0D}.Debug|Any CPU.ActiveCfg = Debug|Any CPU
		{90083A44-4B39-4A4F-BF93-FE5CEEAC9D0D}.Debug|Any CPU.Build.0 = Debug|Any CPU
		{90083A44-4B39-4A4F-BF93-FE5CEEAC9D0D}.Release|Any CPU.ActiveCfg = Release|Any CPU
		{90083A44-4B39-4A4F-BF93-FE5CEEAC9D0D}.Release|Any CPU.Build.0 = Release|Any CPU
		{C40DD7FA-F0E5-4736-A1B7-A27803ACC5EF}.Debug|Any CPU.ActiveCfg = Debug|Any CPU
		{C40DD7FA-F0E5-4736-A1B7-A27803ACC5EF}.Debug|Any CPU.Build.0 = Debug|Any CPU
		{C40DD7FA-F0E5-4736-A1B7-A27803ACC5EF}.Release|Any CPU.ActiveCfg = Release|Any CPU
		{C40DD7FA-F0E5-4736-A1B7-A27803ACC5EF}.Release|Any CPU.Build.0 = Release|Any CPU
		{0683B777-DE32-4435-9F16-42FABBEFBD2D}.Debug|Any CPU.ActiveCfg = Debug|Any CPU
		{0683B777-DE32-4435-9F16-42FABBEFBD2D}.Debug|Any CPU.Build.0 = Debug|Any CPU
		{0683B777-DE32-4435-9F16-42FABBEFBD2D}.Release|Any CPU.ActiveCfg = Release|Any CPU
		{0683B777-DE32-4435-9F16-42FABBEFBD2D}.Release|Any CPU.Build.0 = Release|Any CPU
		{5CDE2348-6BC8-493E-AE10-6890FD322989}.Debug|Any CPU.ActiveCfg = Debug|Any CPU
		{5CDE2348-6BC8-493E-AE10-6890FD322989}.Debug|Any CPU.Build.0 = Debug|Any CPU
		{5CDE2348-6BC8-493E-AE10-6890FD322989}.Release|Any CPU.ActiveCfg = Release|Any CPU
		{5CDE2348-6BC8-493E-AE10-6890FD322989}.Release|Any CPU.Build.0 = Release|Any CPU
		{1B779BE5-FB85-4AE8-B1E6-44D684964D59}.Debug|Any CPU.ActiveCfg = Debug|Any CPU
		{1B779BE5-FB85-4AE8-B1E6-44D684964D59}.Debug|Any CPU.Build.0 = Debug|Any CPU
		{1B779BE5-FB85-4AE8-B1E6-44D684964D59}.Release|Any CPU.ActiveCfg = Release|Any CPU
		{1B779BE5-FB85-4AE8-B1E6-44D684964D59}.Release|Any CPU.Build.0 = Release|Any CPU
		{027CF77E-9E59-4A4A-A867-CFB03DA976F7}.Debug|Any CPU.ActiveCfg = Debug|Any CPU
		{027CF77E-9E59-4A4A-A867-CFB03DA976F7}.Debug|Any CPU.Build.0 = Debug|Any CPU
		{027CF77E-9E59-4A4A-A867-CFB03DA976F7}.Release|Any CPU.ActiveCfg = Release|Any CPU
		{027CF77E-9E59-4A4A-A867-CFB03DA976F7}.Release|Any CPU.Build.0 = Release|Any CPU
		{0240B94B-16EC-4415-B6FA-179A8C75B2A3}.Debug|Any CPU.ActiveCfg = Debug|Any CPU
		{0240B94B-16EC-4415-B6FA-179A8C75B2A3}.Debug|Any CPU.Build.0 = Debug|Any CPU
		{0240B94B-16EC-4415-B6FA-179A8C75B2A3}.Release|Any CPU.ActiveCfg = Release|Any CPU
		{0240B94B-16EC-4415-B6FA-179A8C75B2A3}.Release|Any CPU.Build.0 = Release|Any CPU
		{CC9243B8-2A65-43FB-B9D4-E8E16AC8B1AC}.Debug|Any CPU.ActiveCfg = Debug|Any CPU
		{CC9243B8-2A65-43FB-B9D4-E8E16AC8B1AC}.Debug|Any CPU.Build.0 = Debug|Any CPU
		{CC9243B8-2A65-43FB-B9D4-E8E16AC8B1AC}.Release|Any CPU.ActiveCfg = Release|Any CPU
		{CC9243B8-2A65-43FB-B9D4-E8E16AC8B1AC}.Release|Any CPU.Build.0 = Release|Any CPU
		{66C0637A-E0A7-46C2-A155-9186E7ECE2B7}.Debug|Any CPU.ActiveCfg = Debug|Any CPU
		{66C0637A-E0A7-46C2-A155-9186E7ECE2B7}.Debug|Any CPU.Build.0 = Debug|Any CPU
		{66C0637A-E0A7-46C2-A155-9186E7ECE2B7}.Release|Any CPU.ActiveCfg = Release|Any CPU
		{66C0637A-E0A7-46C2-A155-9186E7ECE2B7}.Release|Any CPU.Build.0 = Release|Any CPU
		{05C9FF47-41E0-4EDB-8A1C-B349D0770652}.Debug|Any CPU.ActiveCfg = Debug|Any CPU
		{05C9FF47-41E0-4EDB-8A1C-B349D0770652}.Debug|Any CPU.Build.0 = Debug|Any CPU
		{05C9FF47-41E0-4EDB-8A1C-B349D0770652}.Release|Any CPU.ActiveCfg = Release|Any CPU
		{05C9FF47-41E0-4EDB-8A1C-B349D0770652}.Release|Any CPU.Build.0 = Release|Any CPU
		{828C38F1-849B-41F4-AA8A-11B97EA67AAC}.Debug|Any CPU.ActiveCfg = Debug|Any CPU
		{828C38F1-849B-41F4-AA8A-11B97EA67AAC}.Debug|Any CPU.Build.0 = Debug|Any CPU
		{828C38F1-849B-41F4-AA8A-11B97EA67AAC}.Release|Any CPU.ActiveCfg = Release|Any CPU
		{828C38F1-849B-41F4-AA8A-11B97EA67AAC}.Release|Any CPU.Build.0 = Release|Any CPU
		{8CC14328-142A-4CED-8E1F-F89E207CA87D}.Debug|Any CPU.ActiveCfg = Debug|Any CPU
		{8CC14328-142A-4CED-8E1F-F89E207CA87D}.Debug|Any CPU.Build.0 = Debug|Any CPU
		{8CC14328-142A-4CED-8E1F-F89E207CA87D}.Release|Any CPU.ActiveCfg = Release|Any CPU
		{8CC14328-142A-4CED-8E1F-F89E207CA87D}.Release|Any CPU.Build.0 = Release|Any CPU
		{2B2E3036-FAEA-4E5E-8136-08A2FA62A034}.Debug|Any CPU.ActiveCfg = Debug|Any CPU
		{2B2E3036-FAEA-4E5E-8136-08A2FA62A034}.Debug|Any CPU.Build.0 = Debug|Any CPU
		{2B2E3036-FAEA-4E5E-8136-08A2FA62A034}.Release|Any CPU.ActiveCfg = Release|Any CPU
		{2B2E3036-FAEA-4E5E-8136-08A2FA62A034}.Release|Any CPU.Build.0 = Release|Any CPU
		{6119614B-E828-4F4C-A9B8-D9D1E4BD5F98}.Debug|Any CPU.ActiveCfg = Debug|Any CPU
		{6119614B-E828-4F4C-A9B8-D9D1E4BD5F98}.Debug|Any CPU.Build.0 = Debug|Any CPU
		{6119614B-E828-4F4C-A9B8-D9D1E4BD5F98}.Release|Any CPU.ActiveCfg = Release|Any CPU
		{6119614B-E828-4F4C-A9B8-D9D1E4BD5F98}.Release|Any CPU.Build.0 = Release|Any CPU
		{75A6B210-0018-4985-90D6-3E9CF4C314E0}.Debug|Any CPU.ActiveCfg = Debug|Any CPU
		{75A6B210-0018-4985-90D6-3E9CF4C314E0}.Debug|Any CPU.Build.0 = Debug|Any CPU
		{75A6B210-0018-4985-90D6-3E9CF4C314E0}.Release|Any CPU.ActiveCfg = Release|Any CPU
		{75A6B210-0018-4985-90D6-3E9CF4C314E0}.Release|Any CPU.Build.0 = Release|Any CPU
		{C62A1896-F997-A4D3-523C-95B1FE11EE99}.Debug|Any CPU.ActiveCfg = Debug|Any CPU
		{C62A1896-F997-A4D3-523C-95B1FE11EE99}.Debug|Any CPU.Build.0 = Debug|Any CPU
		{C62A1896-F997-A4D3-523C-95B1FE11EE99}.Release|Any CPU.ActiveCfg = Release|Any CPU
		{C62A1896-F997-A4D3-523C-95B1FE11EE99}.Release|Any CPU.Build.0 = Release|Any CPU
		{314B9377-6F3C-E48B-4CDC-96DB95EF4AD3}.Debug|Any CPU.ActiveCfg = Debug|Any CPU
		{314B9377-6F3C-E48B-4CDC-96DB95EF4AD3}.Debug|Any CPU.Build.0 = Debug|Any CPU
		{314B9377-6F3C-E48B-4CDC-96DB95EF4AD3}.Release|Any CPU.ActiveCfg = Release|Any CPU
		{314B9377-6F3C-E48B-4CDC-96DB95EF4AD3}.Release|Any CPU.Build.0 = Release|Any CPU
	EndGlobalSection
	GlobalSection(SolutionProperties) = preSolution
		HideSolutionNode = FALSE
	EndGlobalSection
	GlobalSection(NestedProjects) = preSolution
		{5CE7A397-CC8B-4DF7-9956-C080D483725C} = {B6FE0D53-9B6F-4493-84F8-199772233488}
		{4C5BE7E2-CD45-49DB-A3BC-7DBEBC8333B7} = {B6FE0D53-9B6F-4493-84F8-199772233488}
		{C17D7892-B61F-44DF-BFEC-AD2EF55D8188} = {B6FE0D53-9B6F-4493-84F8-199772233488}
		{49D4C85C-FBF5-4454-8338-4802645875C3} = {B6FE0D53-9B6F-4493-84F8-199772233488}
		{614F5A96-DC91-42F6-8E45-6242EB40534F} = {C17D7892-B61F-44DF-BFEC-AD2EF55D8188}
		{957A2FFA-6445-43EF-B057-3A76B65C96C2} = {C17D7892-B61F-44DF-BFEC-AD2EF55D8188}
		{DB7B4295-4921-414D-9896-63542F4F1E92} = {C17D7892-B61F-44DF-BFEC-AD2EF55D8188}
		{90083A44-4B39-4A4F-BF93-FE5CEEAC9D0D} = {C17D7892-B61F-44DF-BFEC-AD2EF55D8188}
		{C40DD7FA-F0E5-4736-A1B7-A27803ACC5EF} = {49D4C85C-FBF5-4454-8338-4802645875C3}
		{0683B777-DE32-4435-9F16-42FABBEFBD2D} = {49D4C85C-FBF5-4454-8338-4802645875C3}
		{5CDE2348-6BC8-493E-AE10-6890FD322989} = {49D4C85C-FBF5-4454-8338-4802645875C3}
		{1B779BE5-FB85-4AE8-B1E6-44D684964D59} = {49D4C85C-FBF5-4454-8338-4802645875C3}
		{027CF77E-9E59-4A4A-A867-CFB03DA976F7} = {5CE7A397-CC8B-4DF7-9956-C080D483725C}
		{0240B94B-16EC-4415-B6FA-179A8C75B2A3} = {5CE7A397-CC8B-4DF7-9956-C080D483725C}
		{CC9243B8-2A65-43FB-B9D4-E8E16AC8B1AC} = {5CE7A397-CC8B-4DF7-9956-C080D483725C}
		{66C0637A-E0A7-46C2-A155-9186E7ECE2B7} = {5CE7A397-CC8B-4DF7-9956-C080D483725C}
		{05C9FF47-41E0-4EDB-8A1C-B349D0770652} = {4C5BE7E2-CD45-49DB-A3BC-7DBEBC8333B7}
		{828C38F1-849B-41F4-AA8A-11B97EA67AAC} = {4C5BE7E2-CD45-49DB-A3BC-7DBEBC8333B7}
		{8CC14328-142A-4CED-8E1F-F89E207CA87D} = {4C5BE7E2-CD45-49DB-A3BC-7DBEBC8333B7}
		{2B2E3036-FAEA-4E5E-8136-08A2FA62A034} = {4C5BE7E2-CD45-49DB-A3BC-7DBEBC8333B7}
		{6119614B-E828-4F4C-A9B8-D9D1E4BD5F98} = {C302C305-3723-4B50-A56A-EE7BB4119DC2}
		{75A6B210-0018-4985-90D6-3E9CF4C314E0} = {0EB77EC9-CBB9-4304-826B-780C7BBB610C}
		{C62A1896-F997-A4D3-523C-95B1FE11EE99} = {0EB77EC9-CBB9-4304-826B-780C7BBB610C}
		{314B9377-6F3C-E48B-4CDC-96DB95EF4AD3} = {0EB77EC9-CBB9-4304-826B-780C7BBB610C}
	EndGlobalSection
	GlobalSection(ExtensibilityGlobals) = postSolution
		SolutionGuid = {32E4FE0D-4929-45DB-98C6-398B1975298B}
	EndGlobalSection
EndGlobal
